{
  "version": 4,
  "terraform_version": "1.1.9",
  "serial": 41,
  "lineage": "d20ac745-21bc-ba44-faae-d4705b4cbf6c",
  "outputs": {},
  "resources": [
    {
      "module": "module.s3",
      "mode": "managed",
      "type": "aws_s3_bucket",
      "name": "s3_section",
      "provider": "provider[\"registry.terraform.io/hashicorp/aws\"]",
      "instances": [
        {
          "schema_version": 0,
          "attributes": {
            "acceleration_status": "",
            "acl": null,
            "arn": "arn:aws:s3:::cxy-s3-terraform-bucket3",
            "bucket": "cxy-s3-terraform-bucket3",
            "bucket_domain_name": "cxy-s3-terraform-bucket3.s3.amazonaws.com",
            "bucket_prefix": null,
            "bucket_regional_domain_name": "cxy-s3-terraform-bucket3.s3.ap-southeast-1.amazonaws.com",
            "cors_rule": [],
            "force_destroy": false,
            "grant": [
              {
                "id": "a43f1c46c9d28b6c21ccdd72f71b9f162e935afafb158f4117bab35c001effa1",
                "permissions": [
                  "FULL_CONTROL"
                ],
                "type": "CanonicalUser",
                "uri": ""
              }
            ],
            "hosted_zone_id": "Z3O0J2DXBE1FTB",
            "id": "cxy-s3-terraform-bucket3",
            "lifecycle_rule": [],
            "logging": [],
            "object_lock_configuration": [],
            "object_lock_enabled": false,
            "policy": "",
            "region": "ap-southeast-1",
            "replication_configuration": [],
            "request_payer": "BucketOwner",
            "server_side_encryption_configuration": [],
            "tags": null,
            "tags_all": {},
            "versioning": [
              {
                "enabled": false,
                "mfa_delete": false
              }
            ],
            "website": [],
            "website_domain": null,
            "website_endpoint": null
          },
          "sensitive_attributes": [],
          "private": "bnVsbA=="
        }
      ]
    },
    {
      "module": "module.s3",
      "mode": "managed",
      "type": "aws_s3_bucket_acl",
      "name": "s3-bucket-acl-section",
      "provider": "provider[\"registry.terraform.io/hashicorp/aws\"]",
      "instances": [
        {
          "schema_version": 0,
          "attributes": {
            "access_control_policy": [
              {
                "grant": [
                  {
                    "grantee": [
                      {
                        "display_name": "cxuanyi.w",
                        "email_address": "",
                        "id": "a43f1c46c9d28b6c21ccdd72f71b9f162e935afafb158f4117bab35c001effa1",
                        "type": "CanonicalUser",
                        "uri": ""
                      }
                    ],
                    "permission": "FULL_CONTROL"
                  }
                ],
                "owner": [
                  {
                    "display_name": "cxuanyi.w",
                    "id": "a43f1c46c9d28b6c21ccdd72f71b9f162e935afafb158f4117bab35c001effa1"
                  }
                ]
              }
            ],
            "acl": "private",
            "bucket": "cxy-s3-terraform-bucket3",
            "expected_bucket_owner": "",
            "id": "cxy-s3-terraform-bucket3,private"
          },
          "sensitive_attributes": [],
          "private": "bnVsbA==",
          "dependencies": [
            "module.s3.aws_s3_bucket.s3_section"
          ]
        }
      ]
    }
  ]
}
